{
  "requires": true,
  "lockfileVersion": 1,
  "dependencies": {
    "cofee-script": {
      "version": "0.0.1-security",
      "resolved": "https://registry.npmjs.org/cofee-script/-/cofee-script-0.0.1-security.tgz",
      "integrity": "sha512-FUSo/J/mclqqU9uO+w/RoMxI3Y9CZpeq3HbMmvEvq7RmO1KFlf7a1frIwcJ0oJI/keUjCvakDnRIkhxk5qXelw=="
    },
    "underscore": {
      "version": "1.11.0",
      "resolved": "https://registry.npmjs.org/underscore/-/underscore-1.11.0.tgz",
      "integrity": "sha512-xY96SsN3NA461qIRKZ/+qox37YXPtSBswMGfiNptr+wrt6ds4HaMw23TP612fEyGekRE6LNRiLYr/aqbHXNedw=="
    }
  }
}
